// !$*UTF8*$!
{
	archiveVersion = 1;
	classes = {
	};
	objectVersion = 50;
	objects = {

/* Begin PBXBuildFile section */
		C628CF80237E50250065BC04 /* AppDelegate.m in Sources */ = {isa = PBXBuildFile; fileRef = C628CF7F237E50250065BC04 /* AppDelegate.m */; };
		C628CF83237E50250065BC04 /* SceneDelegate.m in Sources */ = {isa = PBXBuildFile; fileRef = C628CF82237E50250065BC04 /* SceneDelegate.m */; };
		C628CF86237E50250065BC04 /* ViewController.m in Sources */ = {isa = PBXBuildFile; fileRef = C628CF85237E50250065BC04 /* ViewController.m */; };
		C628CF89237E50250065BC04 /* Main.storyboard in Resources */ = {isa = PBXBuildFile; fileRef = C628CF87237E50250065BC04 /* Main.storyboard */; };
		C628CF8B237E50270065BC04 /* Assets.xcassets in Resources */ = {isa = PBXBuildFile; fileRef = C628CF8A237E50270065BC04 /* Assets.xcassets */; };
		C628CF8E237E50270065BC04 /* LaunchScreen.storyboard in Resources */ = {isa = PBXBuildFile; fileRef = C628CF8C237E50270065BC04 /* LaunchScreen.storyboard */; };
		C628CF91237E50270065BC04 /* main.m in Sources */ = {isa = PBXBuildFile; fileRef = C628CF90237E50270065BC04 /* main.m */; };
		C628CF9A237E52040065BC04 /* BSNavigationController.m in Sources */ = {isa = PBXBuildFile; fileRef = C628CF99237E52040065BC04 /* BSNavigationController.m */; };
/* End PBXBuildFile section */

/* Begin PBXFileReference section */
		C628CF7B237E50250065BC04 /* UINavigationController.app */ = {isa = PBXFileReference; explicitFileType = wrapper.application; includeInIndex = 0; path = UINavigationController.app; sourceTree = BUILT_PRODUCTS_DIR; };
		C628CF7E237E50250065BC04 /* AppDelegate.h */ = {isa = PBXFileReference; lastKnownFileType = sourcecode.c.h; path = AppDelegate.h; sourceTree = "<group>"; };
		C628CF7F237E50250065BC04 /* AppDelegate.m */ = {isa = PBXFileReference; lastKnownFileType = sourcecode.c.objc; path = AppDelegate.m; sourceTree = "<group>"; };
		C628CF81237E50250065BC04 /* SceneDelegate.h */ = {isa = PBXFileReference; lastKnownFileType = sourcecode.c.h; path = SceneDelegate.h; sourceTree = "<group>"; };
		C628CF82237E50250065BC04 /* SceneDelegate.m */ = {isa = PBXFileReference; lastKnownFileType = sourcecode.c.objc; path = SceneDelegate.m; sourceTree = "<group>"; };
		C628CF84237E50250065BC04 /* ViewController.h */ = {isa = PBXFileReference; lastKnownFileType = sourcecode.c.h; path = ViewController.h; sourceTree = "<group>"; };
		C628CF85237E50250065BC04 /* ViewController.m */ = {isa = PBXFileReference; lastKnownFileType = sourcecode.c.objc; path = ViewController.m; sourceTree = "<group>"; };
		C628CF88237E50250065BC04 /* Base */ = {isa = PBXFileReference; lastKnownFileType = file.storyboard; name = Base; path = Base.lproj/Main.storyboard; sourceTree = "<group>"; };
		C628CF8A237E50270065BC04 /* Assets.xcassets */ = {isa = PBXFileReference; lastKnownFileType = folder.assetcatalog; path = Assets.xcassets; sourceTree = "<group>"; };
		C628CF8D237E50270065BC04 /* Base */ = {isa = PBXFileReference; lastKnownFileType = file.storyboard; name = Base; path = Base.lproj/LaunchScreen.storyboard; sourceTree = "<group>"; };
		C628CF8F237E50270065BC04 /* Info.plist */ = {isa = PBXFileReference; lastKnownFileType = text.plist.xml; path = Info.plist; sourceTree = "<group>"; };
		C628CF90237E50270065BC04 /* main.m */ = {isa = PBXFileReference; lastKnownFileType = sourcecode.c.objc; path = main.m; sourceTree = "<group>"; };
		C628CF98237E52040065BC04 /* BSNavigationController.h */ = {isa = PBXFileReference; lastKnownFileType = sourcecode.c.h; path = BSNavigationController.h; sourceTree = "<group>"; };
		C628CF99237E52040065BC04 /* BSNavigationController.m */ = {isa = PBXFileReference; lastKnownFileType = sourcecode.c.objc; path = BSNavigationController.m; sourceTree = "<group>"; };
/* End PBXFileReference section */

/* Begin PBXFrameworksBuildPhase section */
		C628CF78237E50250065BC04 /* Frameworks */ = {
			isa = PBXFrameworksBuildPhase;
			buildActionMask = 2147483647;
			files = (
			);
			runOnlyForDeploymentPostprocessing = 0;
		};
/* End PBXFrameworksBuildPhase section */

/* Begin PBXGroup section */
		C628CF72237E50250065BC04 = {
			isa = PBXGroup;
			children = (
				C628CF7D237E50250065BC04 /* UINavigationController */,
				C628CF7C237E50250065BC04 /* Products */,
			);
			sourceTree = "<group>";
		};
		C628CF7C237E50250065BC04 /* Products */ = {
			isa = PBXGroup;
			children = (
				C628CF7B237E50250065BC04 /* UINavigationController.app */,
			);
			name = Products;
			sourceTree = "<group>";
		};
		C628CF7D237E50250065BC04 /* UINavigationController */ = {
			isa = PBXGroup;
			children = (
				C628CF97237E51BD0065BC04 /* NavigationController */,
				C628CF7E237E50250065BC04 /* AppDelegate.h */,
				C628CF7F237E50250065BC04 /* AppDelegate.m */,
				C628CF81237E50250065BC04 /* SceneDelegate.h */,
				C628CF82237E50250065BC04 /* SceneDelegate.m */,
				C628CF84237E50250065BC04 /* ViewController.h */,
				C628CF85237E50250065BC04 /* ViewController.m */,
				C628CF87237E50250065BC04 /* Main.storyboard */,
				C628CF8A237E50270065BC04 /* Assets.xcassets */,
				C628CF8C237E50270065BC04 /* LaunchScreen.storyboard */,
				C628CF8F237E50270065BC04 /* Info.plist */,
				C628CF90237E50270065BC04 /* main.m */,
			);
			path = UINavigationController;
			sourceTree = "<group>";
		};
		C628CF97237E51BD0065BC04 /* NavigationController */ = {
			isa = PBXGroup;
			children = (
				C628CF98237E52040065BC04 /* BSNavigationController.h */,
				C628CF99237E52040065BC04 /* BSNavigationController.m */,
			);
			path = NavigationController;
			sourceTree = "<group>";
		};
/* End PBXGroup section */

/* Begin PBXNativeTarget section */
		C628CF7A237E50250065BC04 /* UINavigationController */ = {
			isa = PBXNativeTarget;
			buildConfigurationList = C628CF94237E50270065BC04 /* Build configuration list for PBXNativeTarget "UINavigationController" */;
			buildPhases = (
				C628CF77237E50250065BC04 /* Sources */,
				C628CF78237E50250065BC04 /* Frameworks */,
				C628CF79237E50250065BC04 /* Resources */,
			);
			buildRules = (
			);
			dependencies = (
			);
			name = UINavigationController;
			productName = UINavigationController;
			productReference = C628CF7B237E50250065BC04 /* UINavigationController.app */;
			productType = "com.apple.product-type.application";
		};
/* End PBXNativeTarget section */

/* Begin PBXProject section */
		C628CF73237E50250065BC04 /* Project object */ = {
			isa = PBXProject;
			attributes = {
				LastUpgradeCheck = 1120;
				ORGANIZATIONNAME = "张宝山";
				TargetAttributes = {
					C628CF7A237E50250065BC04 = {
						CreatedOnToolsVersion = 11.2;
					};
				};
			};
			buildConfigurationList = C628CF76237E50250065BC04 /* Build configuration list for PBXProject "UINavigationController" */;
			compatibilityVersion = "Xcode 9.3";
			developmentRegion = en;
			hasScannedForEncodings = 0;
			knownRegions = (
				en,
				Base,
			);
			mainGroup = C628CF72237E50250065BC04;
			productRefGroup = C628CF7C237E50250065BC04 /* Products */;
			projectDirPath = "";
			projectRoot = "";
			targets = (
				C628CF7A237E50250065BC04 /* UINavigationController */,
			);
		};
/* End PBXProject section */

/* Begin PBXResourcesBuildPhase section */
		C628CF79237E50250065BC04 /* Resources */ = {
			isa = PBXResourcesBuildPhase;
			buildActionMask = 2147483647;
			files = (
				C628CF8E237E50270065BC04 /* LaunchScreen.storyboard in Resources */,
				C628CF8B237E50270065BC04 /* Assets.xcassets in Resources */,
				C628CF89237E50250065BC04 /* Main.storyboard in Resources */,
			);
			runOnlyForDeploymentPostprocessing = 0;
		};
/* End PBXResourcesBuildPhase section */

/* Begin PBXSourcesBuildPhase section */
		C628CF77237E50250065BC04 /* Sources */ = {
			isa = PBXSourcesBuildPhase;
			buildActionMask = 2147483647;
			files = (
				C628CF86237E50250065BC04 /* ViewController.m in Sources */,
				C628CF80237E50250065BC04 /* AppDelegate.m in Sources */,
				C628CF91237E50270065BC04 /* main.m in Sources */,
				C628CF83237E50250065BC04 /* SceneDelegate.m in Sources */,
				C628CF9A237E52040065BC04 /* BSNavigationController.m in Sources */,
			);
			runOnlyForDeploymentPostprocessing = 0;
		};
/* End PBXSourcesBuildPhase section */

/* Begin PBXVariantGroup section */
		C628CF87237E50250065BC04 /* Main.storyboard */ = {
			isa = PBXVariantGroup;
			children = (
				C628CF88237E50250065BC04 /* Base */,
			);
			name = Main.storyboard;
			sourceTree = "<group>";
		};
		C628CF8C237E50270065BC04 /* LaunchScreen.storyboard */ = {
			isa = PBXVariantGroup;
			children = (
				C628CF8D237E50270065BC04 /* Base */,
			);
			name = LaunchScreen.storyboard;
			sourceTree = "<group>";
		};
/* End PBXVariantGroup section */

/* Begin XCBuildConfiguration section */
		C628CF92237E50270065BC04 /* Debug */ = {
			isa = XCBuildConfiguration;
			buildSettings = {
				ALWAYS_SEARCH_USER_PATHS = NO;
				CLANG_ANALYZER_NONNULL = YES;
				CLANG_ANALYZER_NUMBER_OBJECT_CONVERSION = YES_AGGRESSIVE;
				CLANG_CXX_LANGUAGE_STANDARD = "gnu++14";
				CLANG_CXX_LIBRARY = "libc++";
				CLANG_ENABLE_MODULES = YES;
				CLANG_ENABLE_OBJC_ARC = YES;
				CLANG_ENABLE_OBJC_WEAK = YES;
				CLANG_WARN_BLOCK_CAPTURE_AUTORELEASING = YES;
				CLANG_WARN_BOOL_CONVERSION = YES;
				CLANG_WARN_COMMA = YES;
				CLANG_WARN_CONSTANT_CONVERSION = YES;
				CLANG_WARN_DEPRECATED_OBJC_IMPLEMENTATIONS = YES;
				CLANG_WARN_DIRECT_OBJC_ISA_USAGE = YES_ERROR;
				CLANG_WARN_DOCUMENTATION_COMMENTS = YES;
				CLANG_WARN_EMPTY_BODY = YES;
				CLANG_WARN_ENUM_CONVERSION = YES;
				CLANG_WARN_INFINITE_RECURSION = YES;
				CLANG_WARN_INT_CONVERSION = YES;
				CLANG_WARN_NON_LITERAL_NULL_CONVERSION = YES;
				CLANG_WARN_OBJC_IMPLICIT_RETAIN_SELF = YES;
				CLANG_WARN_OBJC_LITERAL_CONVERSION = YES;
				CLANG_WARN_OBJC_ROOT_CLASS = YES_ERROR;
				CLANG_WARN_RANGE_LOOP_ANALYSIS = YES;
				CLANG_WARN_STRICT_PROTOTYPES = YES;
				CLANG_WARN_SUSPICIOUS_MOVE = YES;
				CLANG_WARN_UNGUARDED_AVAILABILITY = YES_AGGRESSIVE;
				CLANG_WARN_UNREACHABLE_CODE = YES;
				CLANG_WARN__DUPLICATE_METHOD_MATCH = YES;
				COPY_PHASE_STRIP = NO;
				DEBUG_INFORMATION_FORMAT = dwarf;
				ENABLE_STRICT_OBJC_MSGSEND = YES;
				ENABLE_TESTABILITY = YES;
				GCC_C_LANGUAGE_STANDARD = gnu11;
				GCC_DYNAMIC_NO_PIC = NO;
				GCC_NO_COMMON_BLOCKS = YES;
				GCC_OPTIMIZATION_LEVEL = 0;
				GCC_PREPROCESSOR_DEFINITIONS = (
					"DEBUG=1",
					"$(inherited)",
				);
				GCC_WARN_64_TO_32_BIT_CONVERSION = YES;
				GCC_WARN_ABOUT_RETURN_TYPE = YES_ERROR;
				GCC_WARN_UNDECLARED_SELECTOR = YES;
				GCC_WARN_UNINITIALIZED_AUTOS = YES_AGGRESSIVE;
				GCC_WARN_UNUSED_FUNCTION = YES;
				GCC_WARN_UNUSED_VARIABLE = YES;
				IPHONEOS_DEPLOYMENT_TARGET = 13.2;
				MTL_ENABLE_DEBUG_INFO = INCLUDE_SOURCE;
				MTL_FAST_MATH = YES;
				ONLY_ACTIVE_ARCH = YES;
				SDKROOT = iphoneos;
			};
			name = Debug;
		};
		C628CF93237E50270065BC04 /* Release */ = {
			isa = XCBuildConfiguration;
			buildSettings = {
				ALWAYS_SEARCH_USER_PATHS = NO;
				CLANG_ANALYZER_NONNULL = YES;
				CLANG_ANALYZER_NUMBER_OBJECT_CONVERSION = YES_AGGRESSIVE;
				CLANG_CXX_LANGUAGE_STANDARD = "gnu++14";
				CLANG_CXX_LIBRARY = "libc++";
				CLANG_ENABLE_MODULES = YES;
				CLANG_ENABLE_OBJC_ARC = YES;
				CLANG_ENABLE_OBJC_WEAK = YES;
				CLANG_WARN_BLOCK_CAPTURE_AUTORELEASING = YES;
				CLANG_WARN_BOOL_CONVERSION = YES;
				CLANG_WARN_COMMA = YES;
				CLANG_WARN_CONSTANT_CONVERSION = YES;
				CLANG_WARN_DEPRECATED_OBJC_IMPLEMENTATIONS = YES;
				CLANG_WARN_DIRECT_OBJC_ISA_USAGE = YES_ERROR;
				CLANG_WARN_DOCUMENTATION_COMMENTS = YES;
				CLANG_WARN_EMPTY_BODY = YES;
				CLANG_WARN_ENUM_CONVERSION = YES;
				CLANG_WARN_INFINITE_RECURSION = YES;
				CLANG_WARN_INT_CONVERSION = YES;
				CLANG_WARN_NON_LITERAL_NULL_CONVERSION = YES;
				CLANG_WARN_OBJC_IMPLICIT_RETAIN_SELF = YES;
				CLANG_WARN_OBJC_LITERAL_CONVERSION = YES;
				CLANG_WARN_OBJC_ROOT_CLASS = YES_ERROR;
				CLANG_WARN_RANGE_LOOP_ANALYSIS = YES;
				CLANG_WARN_STRICT_PROTOTYPES = YES;
				CLANG_WARN_SUSPICIOUS_MOVE = YES;
				CLANG_WARN_UNGUARDED_AVAILABILITY = YES_AGGRESSIVE;
				CLANG_WARN_UNREACHABLE_CODE = YES;
				CLANG_WARN__DUPLICATE_METHOD_MATCH = YES;
				COPY_PHASE_STRIP = NO;
				DEBUG_INFORMATION_FORMAT = "dwarf-with-dsym";
				ENABLE_NS_ASSERTIONS = NO;
				ENABLE_STRICT_OBJC_MSGSEND = YES;
				GCC_C_LANGUAGE_STANDARD = gnu11;
				GCC_NO_COMMON_BLOCKS = YES;
				GCC_WARN_64_TO_32_BIT_CONVERSION = YES;
				GCC_WARN_ABOUT_RETURN_TYPE = YES_ERROR;
				GCC_WARN_UNDECLARED_SELECTOR = YES;
				GCC_WARN_UNINITIALIZED_AUTOS = YES_AGGRESSIVE;
				GCC_WARN_UNUSED_FUNCTION = YES;
				GCC_WARN_UNUSED_VARIABLE = YES;
				IPHONEOS_DEPLOYMENT_TARGET = 13.2;
				MTL_ENABLE_DEBUG_INFO = NO;
				MTL_FAST_MATH = YES;
				SDKROOT = iphoneos;
				VALIDATE_PRODUCT = YES;
			};
			name = Release;
		};
		C628CF95237E50270065BC04 /* Debug */ = {
			isa = XCBuildConfiguration;
			buildSettings = {
				ASSETCATALOG_COMPILER_APPICON_NAME = AppIcon;
				CODE_SIGN_STYLE = Automatic;
				DEVELOPMENT_TEAM = 7T276T2NBU;
				INFOPLIST_FILE = UINavigationController/Info.plist;
				LD_RUNPATH_SEARCH_PATHS = (
					"$(inherited)",
					"@executable_path/Frameworks",
				);
				PRODUCT_BUNDLE_IDENTIFIER = "oc-zhangbaoshan.UINavigationController";
				PRODUCT_NAME = "$(TARGET_NAME)";
				TARGETED_DEVICE_FAMILY = "1,2";
			};
			name = Debug;
		};
		C628CF96237E50270065BC04 /* Release */ = {
			isa = XCBuildConfiguration;
			buildSettings = {
				ASSETCATALOG_COMPILER_APPICON_NAME = AppIcon;
				CODE_SIGN_STYLE = Automatic;
				DEVELOPMENT_TEAM = 7T276T2NBU;
				INFOPLIST_FILE = UINavigationController/Info.plist;
				LD_RUNPATH_SEARCH_PATHS = (
					"$(inherited)",
					"@executable_path/Frameworks",
				);
				PRODUCT_BUNDLE_IDENTIFIER = "oc-zhangbaoshan.UINavigationController";
				PRODUCT_NAME = "$(TARGET_NAME)";
				TARGETED_DEVICE_FAMILY = "1,2";
			};
			name = Release;
		};
/* End XCBuildConfiguration section */

/* Begin XCConfigurationList section */
		C628CF76237E50250065BC04 /* Build configuration list for PBXProject "UINavigationController" */ = {
			isa = XCConfigurationList;
			buildConfigurations = (
				C628CF92237E50270065BC04 /* Debug */,
				C628CF93237E50270065BC04 /* Release */,
			);
			defaultConfigurationIsVisible = 0;
			defaultConfigurationName = Release;
		};
		C628CF94237E50270065BC04 /* Build configuration list for PBXNativeTarget "UINavigationController" */ = {
			isa = XCConfigurationList;
			buildConfigurations = (
				C628CF95237E50270065BC04 /* Debug */,
				C628CF96237E50270065BC04 /* Release */,
			);
			defaultConfigurationIsVisible = 0;
			defaultConfigurationName = Release;
		};
/* End XCConfigurationList section */
	};
	rootObject = C628CF73237E50250065BC04 /* Project object */;
}
